
Microsoft Visual Studio Solution File, Format Version 12.00
# Visual Studio Version 17
VisualStudioVersion = 17.7.34031.279
MinimumVisualStudioVersion = 10.0.40219.1
Project("{FAE04EC0-301F-11D3-BF4B-00C04F79EFBC}") = "Lab 8 - OOP Generic Collections", "Lab 8 - OOP Generic Collections\Lab 8 - OOP Generic Collections.csproj", "{F6946AA8-6EC2-4D53-8E3F-E7D885809A4B}"
EndProject
Global
	GlobalSection(SolutionConfigurationPlatforms) = preSolution
		Debug|Any CPU = Debug|Any CPU
		Release|Any CPU = Release|Any CPU
	EndGlobalSection
	GlobalSection(ProjectConfigurationPlatforms) = postSolution
		{F6946AA8-6EC2-4D53-8E3F-E7D885809A4B}.Debug|Any CPU.ActiveCfg = Debug|Any CPU
		{F6946AA8-6EC2-4D53-8E3F-E7D885809A4B}.Debug|Any CPU.Build.0 = Debug|Any CPU
		{F6946AA8-6EC2-4D53-8E3F-E7D885809A4B}.Release|Any CPU.ActiveCfg = Release|Any CPU
		{F6946AA8-6EC2-4D53-8E3F-E7D885809A4B}.Release|Any CPU.Build.0 = Release|Any CPU
	EndGlobalSection
	GlobalSection(SolutionProperties) = preSolution
		HideSolutionNode = FALSE
	EndGlobalSection
	GlobalSection(ExtensibilityGlobals) = postSolution
		SolutionGuid = {EE547FC5-EE93-4AF0-9D61-98346F143F08}
	EndGlobalSection
EndGlobal
